
Microsoft Visual Studio Solution File, Format Version 12.00
# Visual Studio 15
VisualStudioVersion = 15.0.26430.14
MinimumVisualStudioVersion = 10.0.40219.1
Project("{FAE04EC0-301F-11D3-BF4B-00C04F79EFBC}") = "taskWithWebService", "taskWithWebService\taskWithWebService.csproj", "{4A99AAF0-B15C-44F8-9A89-BE0FC938AA5D}"
EndProject
Project("{FAE04EC0-301F-11D3-BF4B-00C04F79EFBC}") = "CerviceClients", "CerviceClients\CerviceClients.csproj", "{D4607176-1DDD-4555-901F-478B09903FA8}"
EndProject
Project("{FAE04EC0-301F-11D3-BF4B-00C04F79EFBC}") = "UnitTest", "UnitTest\UnitTest.csproj", "{0CEA8A9A-659A-45EB-AACB-9FE66FBC1231}"
EndProject
Global
	GlobalSection(SolutionConfigurationPlatforms) = preSolution
		Debug|Any CPU = Debug|Any CPU
		Release|Any CPU = Release|Any CPU
	EndGlobalSection
	GlobalSection(ProjectConfigurationPlatforms) = postSolution
		{4A99AAF0-B15C-44F8-9A89-BE0FC938AA5D}.Debug|Any CPU.ActiveCfg = Debug|Any CPU
		{4A99AAF0-B15C-44F8-9A89-BE0FC938AA5D}.Debug|Any CPU.Build.0 = Debug|Any CPU
		{4A99AAF0-B15C-44F8-9A89-BE0FC938AA5D}.Release|Any CPU.ActiveCfg = Release|Any CPU
		{4A99AAF0-B15C-44F8-9A89-BE0FC938AA5D}.Release|Any CPU.Build.0 = Release|Any CPU
		{D4607176-1DDD-4555-901F-478B09903FA8}.Debug|Any CPU.ActiveCfg = Debug|Any CPU
		{D4607176-1DDD-4555-901F-478B09903FA8}.Debug|Any CPU.Build.0 = Debug|Any CPU
		{D4607176-1DDD-4555-901F-478B09903FA8}.Release|Any CPU.ActiveCfg = Release|Any CPU
		{D4607176-1DDD-4555-901F-478B09903FA8}.Release|Any CPU.Build.0 = Release|Any CPU
		{0CEA8A9A-659A-45EB-AACB-9FE66FBC1231}.Debug|Any CPU.ActiveCfg = Debug|Any CPU
		{0CEA8A9A-659A-45EB-AACB-9FE66FBC1231}.Debug|Any CPU.Build.0 = Debug|Any CPU
		{0CEA8A9A-659A-45EB-AACB-9FE66FBC1231}.Release|Any CPU.ActiveCfg = Release|Any CPU
		{0CEA8A9A-659A-45EB-AACB-9FE66FBC1231}.Release|Any CPU.Build.0 = Release|Any CPU
	EndGlobalSection
	GlobalSection(SolutionProperties) = preSolution
		HideSolutionNode = FALSE
	EndGlobalSection
EndGlobal
