
Microsoft Visual Studio Solution File, Format Version 12.00
# Visual Studio 15
VisualStudioVersion = 15.0.26430.14
MinimumVisualStudioVersion = 10.0.40219.1
Project("{FAE04EC0-301F-11D3-BF4B-00C04F79EFBC}") = "task2", "task2\task2.csproj", "{4BCE82F2-781B-4355-AFC9-63238A86DD23}"
EndProject
Project("{FAE04EC0-301F-11D3-BF4B-00C04F79EFBC}") = "UnitTests", "UnitTests\UnitTests.csproj", "{F58A0828-E10D-4D1E-8DD2-0A0B9F017667}"
EndProject
Global
	GlobalSection(SolutionConfigurationPlatforms) = preSolution
		Debug|Any CPU = Debug|Any CPU
		Release|Any CPU = Release|Any CPU
	EndGlobalSection
	GlobalSection(ProjectConfigurationPlatforms) = postSolution
		{4BCE82F2-781B-4355-AFC9-63238A86DD23}.Debug|Any CPU.ActiveCfg = Debug|Any CPU
		{4BCE82F2-781B-4355-AFC9-63238A86DD23}.Debug|Any CPU.Build.0 = Debug|Any CPU
		{4BCE82F2-781B-4355-AFC9-63238A86DD23}.Release|Any CPU.ActiveCfg = Release|Any CPU
		{4BCE82F2-781B-4355-AFC9-63238A86DD23}.Release|Any CPU.Build.0 = Release|Any CPU
		{F58A0828-E10D-4D1E-8DD2-0A0B9F017667}.Debug|Any CPU.ActiveCfg = Debug|Any CPU
		{F58A0828-E10D-4D1E-8DD2-0A0B9F017667}.Debug|Any CPU.Build.0 = Debug|Any CPU
		{F58A0828-E10D-4D1E-8DD2-0A0B9F017667}.Release|Any CPU.ActiveCfg = Release|Any CPU
		{F58A0828-E10D-4D1E-8DD2-0A0B9F017667}.Release|Any CPU.Build.0 = Release|Any CPU
	EndGlobalSection
	GlobalSection(SolutionProperties) = preSolution
		HideSolutionNode = FALSE
	EndGlobalSection
EndGlobal
